// !$*UTF8*$!
{
	archiveVersion = 1;
	classes = {
	};
	objectVersion = 50;
	objects = {

/* Begin PBXBuildFile section */
		2DF006ED2623E07900C32F63 /* AppDelegate.swift in Sources */ = {isa = PBXBuildFile; fileRef = 2DF006EC2623E07900C32F63 /* AppDelegate.swift */; };
		2DF006EF2623E07900C32F63 /* SceneDelegate.swift in Sources */ = {isa = PBXBuildFile; fileRef = 2DF006EE2623E07900C32F63 /* SceneDelegate.swift */; };
		2DF006F12623E07900C32F63 /* ViewController.swift in Sources */ = {isa = PBXBuildFile; fileRef = 2DF006F02623E07900C32F63 /* ViewController.swift */; };
		2DF006F42623E07900C32F63 /* Main.storyboard in Resources */ = {isa = PBXBuildFile; fileRef = 2DF006F22623E07900C32F63 /* Main.storyboard */; };
		2DF006F62623E07C00C32F63 /* Assets.xcassets in Resources */ = {isa = PBXBuildFile; fileRef = 2DF006F52623E07C00C32F63 /* Assets.xcassets */; };
		2DF006F92623E07C00C32F63 /* LaunchScreen.storyboard in Resources */ = {isa = PBXBuildFile; fileRef = 2DF006F72623E07C00C32F63 /* LaunchScreen.storyboard */; };
		2DF007632623E6A400C32F63 /* France@2x.png in Resources */ = {isa = PBXBuildFile; fileRef = 2DF0074B2623E6A400C32F63 /* France@2x.png */; };
		2DF007642623E6A400C32F63 /* Germany@3x.png in Resources */ = {isa = PBXBuildFile; fileRef = 2DF0074C2623E6A400C32F63 /* Germany@3x.png */; };
		2DF007652623E6A400C32F63 /* Ireland@3x.png in Resources */ = {isa = PBXBuildFile; fileRef = 2DF0074D2623E6A400C32F63 /* Ireland@3x.png */; };
		2DF007662623E6A400C32F63 /* Russia@2x.png in Resources */ = {isa = PBXBuildFile; fileRef = 2DF0074E2623E6A400C32F63 /* Russia@2x.png */; };
		2DF007672623E6A400C32F63 /* Monaco@2x.png in Resources */ = {isa = PBXBuildFile; fileRef = 2DF0074F2623E6A400C32F63 /* Monaco@2x.png */; };
		2DF007682623E6A400C32F63 /* Estonia@3x.png in Resources */ = {isa = PBXBuildFile; fileRef = 2DF007502623E6A400C32F63 /* Estonia@3x.png */; };
		2DF007692623E6A400C32F63 /* Russia@3x.png in Resources */ = {isa = PBXBuildFile; fileRef = 2DF007512623E6A400C32F63 /* Russia@3x.png */; };
		2DF0076A2623E6A400C32F63 /* Spain@2x.png in Resources */ = {isa = PBXBuildFile; fileRef = 2DF007522623E6A400C32F63 /* Spain@2x.png */; };
		2DF0076B2623E6A400C32F63 /* Estonia@2x.png in Resources */ = {isa = PBXBuildFile; fileRef = 2DF007532623E6A400C32F63 /* Estonia@2x.png */; };
		2DF0076C2623E6A400C32F63 /* Nigeria@3x.png in Resources */ = {isa = PBXBuildFile; fileRef = 2DF007542623E6A400C32F63 /* Nigeria@3x.png */; };
		2DF0076D2623E6A400C32F63 /* UK@2x.png in Resources */ = {isa = PBXBuildFile; fileRef = 2DF007552623E6A400C32F63 /* UK@2x.png */; };
		2DF0076E2623E6A400C32F63 /* Poland@2x.png in Resources */ = {isa = PBXBuildFile; fileRef = 2DF007562623E6A400C32F63 /* Poland@2x.png */; };
		2DF0076F2623E6A400C32F63 /* Spain@3x.png in Resources */ = {isa = PBXBuildFile; fileRef = 2DF007572623E6A400C32F63 /* Spain@3x.png */; };
		2DF007702623E6A400C32F63 /* UK@3x.png in Resources */ = {isa = PBXBuildFile; fileRef = 2DF007582623E6A400C32F63 /* UK@3x.png */; };
		2DF007712623E6A400C32F63 /* Ireland@2x.png in Resources */ = {isa = PBXBuildFile; fileRef = 2DF007592623E6A400C32F63 /* Ireland@2x.png */; };
		2DF007722623E6A400C32F63 /* Nigeria@2x.png in Resources */ = {isa = PBXBuildFile; fileRef = 2DF0075A2623E6A400C32F63 /* Nigeria@2x.png */; };
		2DF007732623E6A400C32F63 /* Poland@3x.png in Resources */ = {isa = PBXBuildFile; fileRef = 2DF0075B2623E6A400C32F63 /* Poland@3x.png */; };
		2DF007742623E6A400C32F63 /* Italy@3x.png in Resources */ = {isa = PBXBuildFile; fileRef = 2DF0075C2623E6A400C32F63 /* Italy@3x.png */; };
		2DF007752623E6A400C32F63 /* US@3x.png in Resources */ = {isa = PBXBuildFile; fileRef = 2DF0075D2623E6A400C32F63 /* US@3x.png */; };
		2DF007762623E6A400C32F63 /* France@3x.png in Resources */ = {isa = PBXBuildFile; fileRef = 2DF0075E2623E6A400C32F63 /* France@3x.png */; };
		2DF007772623E6A400C32F63 /* US@2x.png in Resources */ = {isa = PBXBuildFile; fileRef = 2DF0075F2623E6A400C32F63 /* US@2x.png */; };
		2DF007782623E6A400C32F63 /* Germany@2x.png in Resources */ = {isa = PBXBuildFile; fileRef = 2DF007602623E6A400C32F63 /* Germany@2x.png */; };
		2DF007792623E6A400C32F63 /* Italy@2x.png in Resources */ = {isa = PBXBuildFile; fileRef = 2DF007612623E6A400C32F63 /* Italy@2x.png */; };
		2DF0077A2623E6A400C32F63 /* Monaco@3x.png in Resources */ = {isa = PBXBuildFile; fileRef = 2DF007622623E6A400C32F63 /* Monaco@3x.png */; };
		2DF0077D2623EB1A00C32F63 /* DetailViewController.swift in Sources */ = {isa = PBXBuildFile; fileRef = 2DF0077C2623EB1A00C32F63 /* DetailViewController.swift */; };
/* End PBXBuildFile section */

/* Begin PBXFileReference section */
		2DF006E92623E07900C32F63 /* Challenge1.app */ = {isa = PBXFileReference; explicitFileType = wrapper.application; includeInIndex = 0; path = Challenge1.app; sourceTree = BUILT_PRODUCTS_DIR; };
		2DF006EC2623E07900C32F63 /* AppDelegate.swift */ = {isa = PBXFileReference; lastKnownFileType = sourcecode.swift; path = AppDelegate.swift; sourceTree = "<group>"; };
		2DF006EE2623E07900C32F63 /* SceneDelegate.swift */ = {isa = PBXFileReference; lastKnownFileType = sourcecode.swift; path = SceneDelegate.swift; sourceTree = "<group>"; };
		2DF006F02623E07900C32F63 /* ViewController.swift */ = {isa = PBXFileReference; lastKnownFileType = sourcecode.swift; path = ViewController.swift; sourceTree = "<group>"; };
		2DF006F32623E07900C32F63 /* Base */ = {isa = PBXFileReference; lastKnownFileType = file.storyboard; name = Base; path = Base.lproj/Main.storyboard; sourceTree = "<group>"; };
		2DF006F52623E07C00C32F63 /* Assets.xcassets */ = {isa = PBXFileReference; lastKnownFileType = folder.assetcatalog; path = Assets.xcassets; sourceTree = "<group>"; };
		2DF006F82623E07C00C32F63 /* Base */ = {isa = PBXFileReference; lastKnownFileType = file.storyboard; name = Base; path = Base.lproj/LaunchScreen.storyboard; sourceTree = "<group>"; };
		2DF006FA2623E07C00C32F63 /* Info.plist */ = {isa = PBXFileReference; lastKnownFileType = text.plist.xml; path = Info.plist; sourceTree = "<group>"; };
		2DF0074B2623E6A400C32F63 /* France@2x.png */ = {isa = PBXFileReference; lastKnownFileType = image.png; name = "France@2x.png"; path = "../../../../../Downloads/HackingWithSwift-main/SwiftUI/project2-files/France@2x.png"; sourceTree = "<group>"; };
		2DF0074C2623E6A400C32F63 /* Germany@3x.png */ = {isa = PBXFileReference; lastKnownFileType = image.png; name = "Germany@3x.png"; path = "../../../../../Downloads/HackingWithSwift-main/SwiftUI/project2-files/Germany@3x.png"; sourceTree = "<group>"; };
		2DF0074D2623E6A400C32F63 /* Ireland@3x.png */ = {isa = PBXFileReference; lastKnownFileType = image.png; name = "Ireland@3x.png"; path = "../../../../../Downloads/HackingWithSwift-main/SwiftUI/project2-files/Ireland@3x.png"; sourceTree = "<group>"; };
		2DF0074E2623E6A400C32F63 /* Russia@2x.png */ = {isa = PBXFileReference; lastKnownFileType = image.png; name = "Russia@2x.png"; path = "../../../../../Downloads/HackingWithSwift-main/SwiftUI/project2-files/Russia@2x.png"; sourceTree = "<group>"; };
		2DF0074F2623E6A400C32F63 /* Monaco@2x.png */ = {isa = PBXFileReference; lastKnownFileType = image.png; name = "Monaco@2x.png"; path = "../../../../../Downloads/HackingWithSwift-main/SwiftUI/project2-files/Monaco@2x.png"; sourceTree = "<group>"; };
		2DF007502623E6A400C32F63 /* Estonia@3x.png */ = {isa = PBXFileReference; lastKnownFileType = image.png; name = "Estonia@3x.png"; path = "../../../../../Downloads/HackingWithSwift-main/SwiftUI/project2-files/Estonia@3x.png"; sourceTree = "<group>"; };
		2DF007512623E6A400C32F63 /* Russia@3x.png */ = {isa = PBXFileReference; lastKnownFileType = image.png; name = "Russia@3x.png"; path = "../../../../../Downloads/HackingWithSwift-main/SwiftUI/project2-files/Russia@3x.png"; sourceTree = "<group>"; };
		2DF007522623E6A400C32F63 /* Spain@2x.png */ = {isa = PBXFileReference; lastKnownFileType = image.png; name = "Spain@2x.png"; path = "../../../../../Downloads/HackingWithSwift-main/SwiftUI/project2-files/Spain@2x.png"; sourceTree = "<group>"; };
		2DF007532623E6A400C32F63 /* Estonia@2x.png */ = {isa = PBXFileReference; lastKnownFileType = image.png; name = "Estonia@2x.png"; path = "../../../../../Downloads/HackingWithSwift-main/SwiftUI/project2-files/Estonia@2x.png"; sourceTree = "<group>"; };
		2DF007542623E6A400C32F63 /* Nigeria@3x.png */ = {isa = PBXFileReference; lastKnownFileType = image.png; name = "Nigeria@3x.png"; path = "../../../../../Downloads/HackingWithSwift-main/SwiftUI/project2-files/Nigeria@3x.png"; sourceTree = "<group>"; };
		2DF007552623E6A400C32F63 /* UK@2x.png */ = {isa = PBXFileReference; lastKnownFileType = image.png; name = "UK@2x.png"; path = "../../../../../Downloads/HackingWithSwift-main/SwiftUI/project2-files/UK@2x.png"; sourceTree = "<group>"; };
		2DF007562623E6A400C32F63 /* Poland@2x.png */ = {isa = PBXFileReference; lastKnownFileType = image.png; name = "Poland@2x.png"; path = "../../../../../Downloads/HackingWithSwift-main/SwiftUI/project2-files/Poland@2x.png"; sourceTree = "<group>"; };
		2DF007572623E6A400C32F63 /* Spain@3x.png */ = {isa = PBXFileReference; lastKnownFileType = image.png; name = "Spain@3x.png"; path = "../../../../../Downloads/HackingWithSwift-main/SwiftUI/project2-files/Spain@3x.png"; sourceTree = "<group>"; };
		2DF007582623E6A400C32F63 /* UK@3x.png */ = {isa = PBXFileReference; lastKnownFileType = image.png; name = "UK@3x.png"; path = "../../../../../Downloads/HackingWithSwift-main/SwiftUI/project2-files/UK@3x.png"; sourceTree = "<group>"; };
		2DF007592623E6A400C32F63 /* Ireland@2x.png */ = {isa = PBXFileReference; lastKnownFileType = image.png; name = "Ireland@2x.png"; path = "../../../../../Downloads/HackingWithSwift-main/SwiftUI/project2-files/Ireland@2x.png"; sourceTree = "<group>"; };
		2DF0075A2623E6A400C32F63 /* Nigeria@2x.png */ = {isa = PBXFileReference; lastKnownFileType = image.png; name = "Nigeria@2x.png"; path = "../../../../../Downloads/HackingWithSwift-main/SwiftUI/project2-files/Nigeria@2x.png"; sourceTree = "<group>"; };
		2DF0075B2623E6A400C32F63 /* Poland@3x.png */ = {isa = PBXFileReference; lastKnownFileType = image.png; name = "Poland@3x.png"; path = "../../../../../Downloads/HackingWithSwift-main/SwiftUI/project2-files/Poland@3x.png"; sourceTree = "<group>"; };
		2DF0075C2623E6A400C32F63 /* Italy@3x.png */ = {isa = PBXFileReference; lastKnownFileType = image.png; name = "Italy@3x.png"; path = "../../../../../Downloads/HackingWithSwift-main/SwiftUI/project2-files/Italy@3x.png"; sourceTree = "<group>"; };
		2DF0075D2623E6A400C32F63 /* US@3x.png */ = {isa = PBXFileReference; lastKnownFileType = image.png; name = "US@3x.png"; path = "../../../../../Downloads/HackingWithSwift-main/SwiftUI/project2-files/US@3x.png"; sourceTree = "<group>"; };
		2DF0075E2623E6A400C32F63 /* France@3x.png */ = {isa = PBXFileReference; lastKnownFileType = image.png; name = "France@3x.png"; path = "../../../../../Downloads/HackingWithSwift-main/SwiftUI/project2-files/France@3x.png"; sourceTree = "<group>"; };
		2DF0075F2623E6A400C32F63 /* US@2x.png */ = {isa = PBXFileReference; lastKnownFileType = image.png; name = "US@2x.png"; path = "../../../../../Downloads/HackingWithSwift-main/SwiftUI/project2-files/US@2x.png"; sourceTree = "<group>"; };
		2DF007602623E6A400C32F63 /* Germany@2x.png */ = {isa = PBXFileReference; lastKnownFileType = image.png; name = "Germany@2x.png"; path = "../../../../../Downloads/HackingWithSwift-main/SwiftUI/project2-files/Germany@2x.png"; sourceTree = "<group>"; };
		2DF007612623E6A400C32F63 /* Italy@2x.png */ = {isa = PBXFileReference; lastKnownFileType = image.png; name = "Italy@2x.png"; path = "../../../../../Downloads/HackingWithSwift-main/SwiftUI/project2-files/Italy@2x.png"; sourceTree = "<group>"; };
		2DF007622623E6A400C32F63 /* Monaco@3x.png */ = {isa = PBXFileReference; lastKnownFileType = image.png; name = "Monaco@3x.png"; path = "../../../../../Downloads/HackingWithSwift-main/SwiftUI/project2-files/Monaco@3x.png"; sourceTree = "<group>"; };
		2DF0077C2623EB1A00C32F63 /* DetailViewController.swift */ = {isa = PBXFileReference; lastKnownFileType = sourcecode.swift; path = DetailViewController.swift; sourceTree = "<group>"; };
/* End PBXFileReference section */

/* Begin PBXFrameworksBuildPhase section */
		2DF006E62623E07900C32F63 /* Frameworks */ = {
			isa = PBXFrameworksBuildPhase;
			buildActionMask = 2147483647;
			files = (
			);
			runOnlyForDeploymentPostprocessing = 0;
		};
/* End PBXFrameworksBuildPhase section */

/* Begin PBXGroup section */
		2DF006E02623E07900C32F63 = {
			isa = PBXGroup;
			children = (
				2DF006EB2623E07900C32F63 /* Challenge1 */,
				2DF006EA2623E07900C32F63 /* Products */,
			);
			sourceTree = "<group>";
		};
		2DF006EA2623E07900C32F63 /* Products */ = {
			isa = PBXGroup;
			children = (
				2DF006E92623E07900C32F63 /* Challenge1.app */,
			);
			name = Products;
			sourceTree = "<group>";
		};
		2DF006EB2623E07900C32F63 /* Challenge1 */ = {
			isa = PBXGroup;
			children = (
				2DF006EC2623E07900C32F63 /* AppDelegate.swift */,
				2DF006EE2623E07900C32F63 /* SceneDelegate.swift */,
				2DF006F02623E07900C32F63 /* ViewController.swift */,
				2DF0077C2623EB1A00C32F63 /* DetailViewController.swift */,
				2DF006F22623E07900C32F63 /* Main.storyboard */,
				2DF006F52623E07C00C32F63 /* Assets.xcassets */,
				2DF006F72623E07C00C32F63 /* LaunchScreen.storyboard */,
				2DF006FA2623E07C00C32F63 /* Info.plist */,
				2DF007532623E6A400C32F63 /* Estonia@2x.png */,
				2DF007502623E6A400C32F63 /* Estonia@3x.png */,
				2DF0074B2623E6A400C32F63 /* France@2x.png */,
				2DF0075E2623E6A400C32F63 /* France@3x.png */,
				2DF007602623E6A400C32F63 /* Germany@2x.png */,
				2DF0074C2623E6A400C32F63 /* Germany@3x.png */,
				2DF007592623E6A400C32F63 /* Ireland@2x.png */,
				2DF0074D2623E6A400C32F63 /* Ireland@3x.png */,
				2DF007612623E6A400C32F63 /* Italy@2x.png */,
				2DF0075C2623E6A400C32F63 /* Italy@3x.png */,
				2DF0074F2623E6A400C32F63 /* Monaco@2x.png */,
				2DF007622623E6A400C32F63 /* Monaco@3x.png */,
				2DF0075A2623E6A400C32F63 /* Nigeria@2x.png */,
				2DF007542623E6A400C32F63 /* Nigeria@3x.png */,
				2DF007562623E6A400C32F63 /* Poland@2x.png */,
				2DF0075B2623E6A400C32F63 /* Poland@3x.png */,
				2DF0074E2623E6A400C32F63 /* Russia@2x.png */,
				2DF007512623E6A400C32F63 /* Russia@3x.png */,
				2DF007522623E6A400C32F63 /* Spain@2x.png */,
				2DF007572623E6A400C32F63 /* Spain@3x.png */,
				2DF007552623E6A400C32F63 /* UK@2x.png */,
				2DF007582623E6A400C32F63 /* UK@3x.png */,
				2DF0075F2623E6A400C32F63 /* US@2x.png */,
				2DF0075D2623E6A400C32F63 /* US@3x.png */,
			);
			path = Challenge1;
			sourceTree = "<group>";
		};
/* End PBXGroup section */

/* Begin PBXNativeTarget section */
		2DF006E82623E07900C32F63 /* Challenge1 */ = {
			isa = PBXNativeTarget;
			buildConfigurationList = 2DF006FD2623E07C00C32F63 /* Build configuration list for PBXNativeTarget "Challenge1" */;
			buildPhases = (
				2DF006E52623E07900C32F63 /* Sources */,
				2DF006E62623E07900C32F63 /* Frameworks */,
				2DF006E72623E07900C32F63 /* Resources */,
			);
			buildRules = (
			);
			dependencies = (
			);
			name = Challenge1;
			productName = Challenge1;
			productReference = 2DF006E92623E07900C32F63 /* Challenge1.app */;
			productType = "com.apple.product-type.application";
		};
/* End PBXNativeTarget section */

/* Begin PBXProject section */
		2DF006E12623E07900C32F63 /* Project object */ = {
			isa = PBXProject;
			attributes = {
				LastSwiftUpdateCheck = 1220;
				LastUpgradeCheck = 1220;
				TargetAttributes = {
					2DF006E82623E07900C32F63 = {
						CreatedOnToolsVersion = 12.2;
					};
				};
			};
			buildConfigurationList = 2DF006E42623E07900C32F63 /* Build configuration list for PBXProject "Challenge1" */;
			compatibilityVersion = "Xcode 9.3";
			developmentRegion = en;
			hasScannedForEncodings = 0;
			knownRegions = (
				en,
				Base,
			);
			mainGroup = 2DF006E02623E07900C32F63;
			productRefGroup = 2DF006EA2623E07900C32F63 /* Products */;
			projectDirPath = "";
			projectRoot = "";
			targets = (
				2DF006E82623E07900C32F63 /* Challenge1 */,
			);
		};
/* End PBXProject section */

/* Begin PBXResourcesBuildPhase section */
		2DF006E72623E07900C32F63 /* Resources */ = {
			isa = PBXResourcesBuildPhase;
			buildActionMask = 2147483647;
			files = (
				2DF007722623E6A400C32F63 /* Nigeria@2x.png in Resources */,
				2DF006F92623E07C00C32F63 /* LaunchScreen.storyboard in Resources */,
				2DF007632623E6A400C32F63 /* France@2x.png in Resources */,
				2DF007702623E6A400C32F63 /* UK@3x.png in Resources */,
				2DF0076B2623E6A400C32F63 /* Estonia@2x.png in Resources */,
				2DF007762623E6A400C32F63 /* France@3x.png in Resources */,
				2DF007732623E6A400C32F63 /* Poland@3x.png in Resources */,
				2DF007662623E6A400C32F63 /* Russia@2x.png in Resources */,
				2DF0077A2623E6A400C32F63 /* Monaco@3x.png in Resources */,
				2DF007682623E6A400C32F63 /* Estonia@3x.png in Resources */,
				2DF0076F2623E6A400C32F63 /* Spain@3x.png in Resources */,
				2DF007752623E6A400C32F63 /* US@3x.png in Resources */,
				2DF006F62623E07C00C32F63 /* Assets.xcassets in Resources */,
				2DF007712623E6A400C32F63 /* Ireland@2x.png in Resources */,
				2DF007782623E6A400C32F63 /* Germany@2x.png in Resources */,
				2DF0076D2623E6A400C32F63 /* UK@2x.png in Resources */,
				2DF007772623E6A400C32F63 /* US@2x.png in Resources */,
				2DF007652623E6A400C32F63 /* Ireland@3x.png in Resources */,
				2DF007692623E6A400C32F63 /* Russia@3x.png in Resources */,
				2DF007792623E6A400C32F63 /* Italy@2x.png in Resources */,
				2DF007642623E6A400C32F63 /* Germany@3x.png in Resources */,
				2DF007742623E6A400C32F63 /* Italy@3x.png in Resources */,
				2DF0076E2623E6A400C32F63 /* Poland@2x.png in Resources */,
				2DF0076A2623E6A400C32F63 /* Spain@2x.png in Resources */,
				2DF0076C2623E6A400C32F63 /* Nigeria@3x.png in Resources */,
				2DF006F42623E07900C32F63 /* Main.storyboard in Resources */,
				2DF007672623E6A400C32F63 /* Monaco@2x.png in Resources */,
			);
			runOnlyForDeploymentPostprocessing = 0;
		};
/* End PBXResourcesBuildPhase section */

/* Begin PBXSourcesBuildPhase section */
		2DF006E52623E07900C32F63 /* Sources */ = {
			isa = PBXSourcesBuildPhase;
			buildActionMask = 2147483647;
			files = (
				2DF006F12623E07900C32F63 /* ViewController.swift in Sources */,
				2DF006ED2623E07900C32F63 /* AppDelegate.swift in Sources */,
				2DF006EF2623E07900C32F63 /* SceneDelegate.swift in Sources */,
				2DF0077D2623EB1A00C32F63 /* DetailViewController.swift in Sources */,
			);
			runOnlyForDeploymentPostprocessing = 0;
		};
/* End PBXSourcesBuildPhase section */

/* Begin PBXVariantGroup section */
		2DF006F22623E07900C32F63 /* Main.storyboard */ = {
			isa = PBXVariantGroup;
			children = (
				2DF006F32623E07900C32F63 /* Base */,
			);
			name = Main.storyboard;
			sourceTree = "<group>";
		};
		2DF006F72623E07C00C32F63 /* LaunchScreen.storyboard */ = {
			isa = PBXVariantGroup;
			children = (
				2DF006F82623E07C00C32F63 /* Base */,
			);
			name = LaunchScreen.storyboard;
			sourceTree = "<group>";
		};
/* End PBXVariantGroup section */

/* Begin XCBuildConfiguration section */
		2DF006FB2623E07C00C32F63 /* Debug */ = {
			isa = XCBuildConfiguration;
			buildSettings = {
				ALWAYS_SEARCH_USER_PATHS = NO;
				CLANG_ANALYZER_NONNULL = YES;
				CLANG_ANALYZER_NUMBER_OBJECT_CONVERSION = YES_AGGRESSIVE;
				CLANG_CXX_LANGUAGE_STANDARD = "gnu++14";
				CLANG_CXX_LIBRARY = "libc++";
				CLANG_ENABLE_MODULES = YES;
				CLANG_ENABLE_OBJC_ARC = YES;
				CLANG_ENABLE_OBJC_WEAK = YES;
				CLANG_WARN_BLOCK_CAPTURE_AUTORELEASING = YES;
				CLANG_WARN_BOOL_CONVERSION = YES;
				CLANG_WARN_COMMA = YES;
				CLANG_WARN_CONSTANT_CONVERSION = YES;
				CLANG_WARN_DEPRECATED_OBJC_IMPLEMENTATIONS = YES;
				CLANG_WARN_DIRECT_OBJC_ISA_USAGE = YES_ERROR;
				CLANG_WARN_DOCUMENTATION_COMMENTS = YES;
				CLANG_WARN_EMPTY_BODY = YES;
				CLANG_WARN_ENUM_CONVERSION = YES;
				CLANG_WARN_INFINITE_RECURSION = YES;
				CLANG_WARN_INT_CONVERSION = YES;
				CLANG_WARN_NON_LITERAL_NULL_CONVERSION = YES;
				CLANG_WARN_OBJC_IMPLICIT_RETAIN_SELF = YES;
				CLANG_WARN_OBJC_LITERAL_CONVERSION = YES;
				CLANG_WARN_OBJC_ROOT_CLASS = YES_ERROR;
				CLANG_WARN_QUOTED_INCLUDE_IN_FRAMEWORK_HEADER = YES;
				CLANG_WARN_RANGE_LOOP_ANALYSIS = YES;
				CLANG_WARN_STRICT_PROTOTYPES = YES;
				CLANG_WARN_SUSPICIOUS_MOVE = YES;
				CLANG_WARN_UNGUARDED_AVAILABILITY = YES_AGGRESSIVE;
				CLANG_WARN_UNREACHABLE_CODE = YES;
				CLANG_WARN__DUPLICATE_METHOD_MATCH = YES;
				COPY_PHASE_STRIP = NO;
				DEBUG_INFORMATION_FORMAT = dwarf;
				ENABLE_STRICT_OBJC_MSGSEND = YES;
				ENABLE_TESTABILITY = YES;
				GCC_C_LANGUAGE_STANDARD = gnu11;
				GCC_DYNAMIC_NO_PIC = NO;
				GCC_NO_COMMON_BLOCKS = YES;
				GCC_OPTIMIZATION_LEVEL = 0;
				GCC_PREPROCESSOR_DEFINITIONS = (
					"DEBUG=1",
					"$(inherited)",
				);
				GCC_WARN_64_TO_32_BIT_CONVERSION = YES;
				GCC_WARN_ABOUT_RETURN_TYPE = YES_ERROR;
				GCC_WARN_UNDECLARED_SELECTOR = YES;
				GCC_WARN_UNINITIALIZED_AUTOS = YES_AGGRESSIVE;
				GCC_WARN_UNUSED_FUNCTION = YES;
				GCC_WARN_UNUSED_VARIABLE = YES;
				IPHONEOS_DEPLOYMENT_TARGET = 14.2;
				MTL_ENABLE_DEBUG_INFO = INCLUDE_SOURCE;
				MTL_FAST_MATH = YES;
				ONLY_ACTIVE_ARCH = YES;
				SDKROOT = iphoneos;
				SWIFT_ACTIVE_COMPILATION_CONDITIONS = DEBUG;
				SWIFT_OPTIMIZATION_LEVEL = "-Onone";
			};
			name = Debug;
		};
		2DF006FC2623E07C00C32F63 /* Release */ = {
			isa = XCBuildConfiguration;
			buildSettings = {
				ALWAYS_SEARCH_USER_PATHS = NO;
				CLANG_ANALYZER_NONNULL = YES;
				CLANG_ANALYZER_NUMBER_OBJECT_CONVERSION = YES_AGGRESSIVE;
				CLANG_CXX_LANGUAGE_STANDARD = "gnu++14";
				CLANG_CXX_LIBRARY = "libc++";
				CLANG_ENABLE_MODULES = YES;
				CLANG_ENABLE_OBJC_ARC = YES;
				CLANG_ENABLE_OBJC_WEAK = YES;
				CLANG_WARN_BLOCK_CAPTURE_AUTORELEASING = YES;
				CLANG_WARN_BOOL_CONVERSION = YES;
				CLANG_WARN_COMMA = YES;
				CLANG_WARN_CONSTANT_CONVERSION = YES;
				CLANG_WARN_DEPRECATED_OBJC_IMPLEMENTATIONS = YES;
				CLANG_WARN_DIRECT_OBJC_ISA_USAGE = YES_ERROR;
				CLANG_WARN_DOCUMENTATION_COMMENTS = YES;
				CLANG_WARN_EMPTY_BODY = YES;
				CLANG_WARN_ENUM_CONVERSION = YES;
				CLANG_WARN_INFINITE_RECURSION = YES;
				CLANG_WARN_INT_CONVERSION = YES;
				CLANG_WARN_NON_LITERAL_NULL_CONVERSION = YES;
				CLANG_WARN_OBJC_IMPLICIT_RETAIN_SELF = YES;
				CLANG_WARN_OBJC_LITERAL_CONVERSION = YES;
				CLANG_WARN_OBJC_ROOT_CLASS = YES_ERROR;
				CLANG_WARN_QUOTED_INCLUDE_IN_FRAMEWORK_HEADER = YES;
				CLANG_WARN_RANGE_LOOP_ANALYSIS = YES;
				CLANG_WARN_STRICT_PROTOTYPES = YES;
				CLANG_WARN_SUSPICIOUS_MOVE = YES;
				CLANG_WARN_UNGUARDED_AVAILABILITY = YES_AGGRESSIVE;
				CLANG_WARN_UNREACHABLE_CODE = YES;
				CLANG_WARN__DUPLICATE_METHOD_MATCH = YES;
				COPY_PHASE_STRIP = NO;
				DEBUG_INFORMATION_FORMAT = "dwarf-with-dsym";
				ENABLE_NS_ASSERTIONS = NO;
				ENABLE_STRICT_OBJC_MSGSEND = YES;
				GCC_C_LANGUAGE_STANDARD = gnu11;
				GCC_NO_COMMON_BLOCKS = YES;
				GCC_WARN_64_TO_32_BIT_CONVERSION = YES;
				GCC_WARN_ABOUT_RETURN_TYPE = YES_ERROR;
				GCC_WARN_UNDECLARED_SELECTOR = YES;
				GCC_WARN_UNINITIALIZED_AUTOS = YES_AGGRESSIVE;
				GCC_WARN_UNUSED_FUNCTION = YES;
				GCC_WARN_UNUSED_VARIABLE = YES;
				IPHONEOS_DEPLOYMENT_TARGET = 14.2;
				MTL_ENABLE_DEBUG_INFO = NO;
				MTL_FAST_MATH = YES;
				SDKROOT = iphoneos;
				SWIFT_COMPILATION_MODE = wholemodule;
				SWIFT_OPTIMIZATION_LEVEL = "-O";
				VALIDATE_PRODUCT = YES;
			};
			name = Release;
		};
		2DF006FE2623E07C00C32F63 /* Debug */ = {
			isa = XCBuildConfiguration;
			buildSettings = {
				ASSETCATALOG_COMPILER_APPICON_NAME = AppIcon;
				ASSETCATALOG_COMPILER_GLOBAL_ACCENT_COLOR_NAME = AccentColor;
				CODE_SIGN_STYLE = Automatic;
				INFOPLIST_FILE = Challenge1/Info.plist;
				LD_RUNPATH_SEARCH_PATHS = (
					"$(inherited)",
					"@executable_path/Frameworks",
				);
				PRODUCT_BUNDLE_IDENTIFIER = com.keithcrooc.Challenge1;
				PRODUCT_NAME = "$(TARGET_NAME)";
				SWIFT_VERSION = 5.0;
				TARGETED_DEVICE_FAMILY = "1,2";
			};
			name = Debug;
		};
		2DF006FF2623E07C00C32F63 /* Release */ = {
			isa = XCBuildConfiguration;
			buildSettings = {
				ASSETCATALOG_COMPILER_APPICON_NAME = AppIcon;
				ASSETCATALOG_COMPILER_GLOBAL_ACCENT_COLOR_NAME = AccentColor;
				CODE_SIGN_STYLE = Automatic;
				INFOPLIST_FILE = Challenge1/Info.plist;
				LD_RUNPATH_SEARCH_PATHS = (
					"$(inherited)",
					"@executable_path/Frameworks",
				);
				PRODUCT_BUNDLE_IDENTIFIER = com.keithcrooc.Challenge1;
				PRODUCT_NAME = "$(TARGET_NAME)";
				SWIFT_VERSION = 5.0;
				TARGETED_DEVICE_FAMILY = "1,2";
			};
			name = Release;
		};
/* End XCBuildConfiguration section */

/* Begin XCConfigurationList section */
		2DF006E42623E07900C32F63 /* Build configuration list for PBXProject "Challenge1" */ = {
			isa = XCConfigurationList;
			buildConfigurations = (
				2DF006FB2623E07C00C32F63 /* Debug */,
				2DF006FC2623E07C00C32F63 /* Release */,
			);
			defaultConfigurationIsVisible = 0;
			defaultConfigurationName = Release;
		};
		2DF006FD2623E07C00C32F63 /* Build configuration list for PBXNativeTarget "Challenge1" */ = {
			isa = XCConfigurationList;
			buildConfigurations = (
				2DF006FE2623E07C00C32F63 /* Debug */,
				2DF006FF2623E07C00C32F63 /* Release */,
			);
			defaultConfigurationIsVisible = 0;
			defaultConfigurationName = Release;
		};
/* End XCConfigurationList section */
	};
	rootObject = 2DF006E12623E07900C32F63 /* Project object */;
}
